
Microsoft Visual Studio Solution File, Format Version 12.00
# Visual Studio 14
VisualStudioVersion = 14.0.25420.1
MinimumVisualStudioVersion = 10.0.40219.1
Project("{FAE04EC0-301F-11D3-BF4B-00C04F79EFBC}") = "Biblioteka", "Biblioteka\Biblioteka.csproj", "{DA641AC2-9623-4C9D-A4E8-1CECFD56DC0C}"
EndProject
Global
	GlobalSection(SolutionConfigurationPlatforms) = preSolution
		Debug|Any CPU = Debug|Any CPU
		Release|Any CPU = Release|Any CPU
	EndGlobalSection
	GlobalSection(ProjectConfigurationPlatforms) = postSolution
		{DA641AC2-9623-4C9D-A4E8-1CECFD56DC0C}.Debug|Any CPU.ActiveCfg = Debug|Any CPU
		{DA641AC2-9623-4C9D-A4E8-1CECFD56DC0C}.Debug|Any CPU.Build.0 = Debug|Any CPU
		{DA641AC2-9623-4C9D-A4E8-1CECFD56DC0C}.Release|Any CPU.ActiveCfg = Release|Any CPU
		{DA641AC2-9623-4C9D-A4E8-1CECFD56DC0C}.Release|Any CPU.Build.0 = Release|Any CPU
	EndGlobalSection
	GlobalSection(SolutionProperties) = preSolution
		HideSolutionNode = FALSE
	EndGlobalSection
EndGlobal
